
Microsoft Visual Studio Solution File, Format Version 12.00
# Visual Studio Version 17
VisualStudioVersion = 17.1.32210.238
MinimumVisualStudioVersion = 10.0.40219.1
Project("{FAE04EC0-301F-11D3-BF4B-00C04F79EFBC}") = "MenuKrud", "MenuKrud\MenuKrud.csproj", "{79E25800-5CEC-4740-9B39-14F5729F3131}"
EndProject
Global
	GlobalSection(SolutionConfigurationPlatforms) = preSolution
		Debug|Any CPU = Debug|Any CPU
		Release|Any CPU = Release|Any CPU
	EndGlobalSection
	GlobalSection(ProjectConfigurationPlatforms) = postSolution
		{79E25800-5CEC-4740-9B39-14F5729F3131}.Debug|Any CPU.ActiveCfg = Debug|Any CPU
		{79E25800-5CEC-4740-9B39-14F5729F3131}.Debug|Any CPU.Build.0 = Debug|Any CPU
		{79E25800-5CEC-4740-9B39-14F5729F3131}.Release|Any CPU.ActiveCfg = Release|Any CPU
		{79E25800-5CEC-4740-9B39-14F5729F3131}.Release|Any CPU.Build.0 = Release|Any CPU
	EndGlobalSection
	GlobalSection(SolutionProperties) = preSolution
		HideSolutionNode = FALSE
	EndGlobalSection
	GlobalSection(ExtensibilityGlobals) = postSolution
		SolutionGuid = {3C238732-5D5D-423B-97B3-395CEA1B64EC}
	EndGlobalSection
EndGlobal
